// !$*UTF8*$!
{
	archiveVersion = 1;
	classes = {
	};
	objectVersion = 50;
	objects = {

/* Begin PBXBuildFile section */
		D986BD85270155D600CDA675 /* AppDelegate.swift in Sources */ = {isa = PBXBuildFile; fileRef = D986BD84270155D600CDA675 /* AppDelegate.swift */; };
		D986BD8C270155D600CDA675 /* Main.storyboard in Resources */ = {isa = PBXBuildFile; fileRef = D986BD8A270155D600CDA675 /* Main.storyboard */; };
		D986BD8E270155E500CDA675 /* Assets.xcassets in Resources */ = {isa = PBXBuildFile; fileRef = D986BD8D270155E500CDA675 /* Assets.xcassets */; };
		D986BD91270155E500CDA675 /* LaunchScreen.storyboard in Resources */ = {isa = PBXBuildFile; fileRef = D986BD8F270155E500CDA675 /* LaunchScreen.storyboard */; };
		D986BD9C270155E500CDA675 /* iOS_Sample_AppTests.swift in Sources */ = {isa = PBXBuildFile; fileRef = D986BD9B270155E500CDA675 /* iOS_Sample_AppTests.swift */; };
		D986BDA7270155E500CDA675 /* iOS_Sample_AppUITests.swift in Sources */ = {isa = PBXBuildFile; fileRef = D986BDA6270155E500CDA675 /* iOS_Sample_AppUITests.swift */; };
		D986BDB82701576200CDA675 /* HomeViewController.swift in Sources */ = {isa = PBXBuildFile; fileRef = D986BDB72701576200CDA675 /* HomeViewController.swift */; };
		D986BDC427015A6300CDA675 /* HomeViewModel.swift in Sources */ = {isa = PBXBuildFile; fileRef = D986BDC327015A6300CDA675 /* HomeViewModel.swift */; };
		D986BDC627015A7800CDA675 /* HomeModel.swift in Sources */ = {isa = PBXBuildFile; fileRef = D986BDC527015A7800CDA675 /* HomeModel.swift */; };
		D986BDC8270165D400CDA675 /* ApiKey.swift in Sources */ = {isa = PBXBuildFile; fileRef = D986BDC7270165D400CDA675 /* ApiKey.swift */; };
/* End PBXBuildFile section */

/* Begin PBXContainerItemProxy section */
		D986BD98270155E500CDA675 /* PBXContainerItemProxy */ = {
			isa = PBXContainerItemProxy;
			containerPortal = D986BD79270155D600CDA675 /* Project object */;
			proxyType = 1;
			remoteGlobalIDString = D986BD80270155D600CDA675;
			remoteInfo = "iOS-Sample-App";
		};
		D986BDA3270155E500CDA675 /* PBXContainerItemProxy */ = {
			isa = PBXContainerItemProxy;
			containerPortal = D986BD79270155D600CDA675 /* Project object */;
			proxyType = 1;
			remoteGlobalIDString = D986BD80270155D600CDA675;
			remoteInfo = "iOS-Sample-App";
		};
/* End PBXContainerItemProxy section */

/* Begin PBXFileReference section */
		D986BD81270155D600CDA675 /* iOS-Sample-App.app */ = {isa = PBXFileReference; explicitFileType = wrapper.application; includeInIndex = 0; path = "iOS-Sample-App.app"; sourceTree = BUILT_PRODUCTS_DIR; };
		D986BD84270155D600CDA675 /* AppDelegate.swift */ = {isa = PBXFileReference; lastKnownFileType = sourcecode.swift; path = AppDelegate.swift; sourceTree = "<group>"; };
		D986BD8B270155D600CDA675 /* Base */ = {isa = PBXFileReference; lastKnownFileType = file.storyboard; name = Base; path = Base.lproj/Main.storyboard; sourceTree = "<group>"; };
		D986BD8D270155E500CDA675 /* Assets.xcassets */ = {isa = PBXFileReference; lastKnownFileType = folder.assetcatalog; path = Assets.xcassets; sourceTree = "<group>"; };
		D986BD90270155E500CDA675 /* Base */ = {isa = PBXFileReference; lastKnownFileType = file.storyboard; name = Base; path = Base.lproj/LaunchScreen.storyboard; sourceTree = "<group>"; };
		D986BD92270155E500CDA675 /* Info.plist */ = {isa = PBXFileReference; lastKnownFileType = text.plist.xml; path = Info.plist; sourceTree = "<group>"; };
		D986BD97270155E500CDA675 /* iOS-Sample-AppTests.xctest */ = {isa = PBXFileReference; explicitFileType = wrapper.cfbundle; includeInIndex = 0; path = "iOS-Sample-AppTests.xctest"; sourceTree = BUILT_PRODUCTS_DIR; };
		D986BD9B270155E500CDA675 /* iOS_Sample_AppTests.swift */ = {isa = PBXFileReference; lastKnownFileType = sourcecode.swift; path = iOS_Sample_AppTests.swift; sourceTree = "<group>"; };
		D986BD9D270155E500CDA675 /* Info.plist */ = {isa = PBXFileReference; lastKnownFileType = text.plist.xml; path = Info.plist; sourceTree = "<group>"; };
		D986BDA2270155E500CDA675 /* iOS-Sample-AppUITests.xctest */ = {isa = PBXFileReference; explicitFileType = wrapper.cfbundle; includeInIndex = 0; path = "iOS-Sample-AppUITests.xctest"; sourceTree = BUILT_PRODUCTS_DIR; };
		D986BDA6270155E500CDA675 /* iOS_Sample_AppUITests.swift */ = {isa = PBXFileReference; lastKnownFileType = sourcecode.swift; path = iOS_Sample_AppUITests.swift; sourceTree = "<group>"; };
		D986BDA8270155E500CDA675 /* Info.plist */ = {isa = PBXFileReference; lastKnownFileType = text.plist.xml; path = Info.plist; sourceTree = "<group>"; };
		D986BDB72701576200CDA675 /* HomeViewController.swift */ = {isa = PBXFileReference; lastKnownFileType = sourcecode.swift; path = HomeViewController.swift; sourceTree = "<group>"; };
		D986BDC327015A6300CDA675 /* HomeViewModel.swift */ = {isa = PBXFileReference; lastKnownFileType = sourcecode.swift; path = HomeViewModel.swift; sourceTree = "<group>"; };
		D986BDC527015A7800CDA675 /* HomeModel.swift */ = {isa = PBXFileReference; lastKnownFileType = sourcecode.swift; path = HomeModel.swift; sourceTree = "<group>"; };
		D986BDC7270165D400CDA675 /* ApiKey.swift */ = {isa = PBXFileReference; lastKnownFileType = sourcecode.swift; path = ApiKey.swift; sourceTree = "<group>"; };
/* End PBXFileReference section */

/* Begin PBXFrameworksBuildPhase section */
		D986BD7E270155D600CDA675 /* Frameworks */ = {
			isa = PBXFrameworksBuildPhase;
			buildActionMask = 2147483647;
			files = (
			);
			runOnlyForDeploymentPostprocessing = 0;
		};
		D986BD94270155E500CDA675 /* Frameworks */ = {
			isa = PBXFrameworksBuildPhase;
			buildActionMask = 2147483647;
			files = (
			);
			runOnlyForDeploymentPostprocessing = 0;
		};
		D986BD9F270155E500CDA675 /* Frameworks */ = {
			isa = PBXFrameworksBuildPhase;
			buildActionMask = 2147483647;
			files = (
			);
			runOnlyForDeploymentPostprocessing = 0;
		};
/* End PBXFrameworksBuildPhase section */

/* Begin PBXGroup section */
		D986BD78270155D600CDA675 = {
			isa = PBXGroup;
			children = (
				D986BD83270155D600CDA675 /* iOS-Sample-App */,
				D986BD9A270155E500CDA675 /* iOS-Sample-AppTests */,
				D986BDA5270155E500CDA675 /* iOS-Sample-AppUITests */,
				D986BD82270155D600CDA675 /* Products */,
			);
			sourceTree = "<group>";
		};
		D986BD82270155D600CDA675 /* Products */ = {
			isa = PBXGroup;
			children = (
				D986BD81270155D600CDA675 /* iOS-Sample-App.app */,
				D986BD97270155E500CDA675 /* iOS-Sample-AppTests.xctest */,
				D986BDA2270155E500CDA675 /* iOS-Sample-AppUITests.xctest */,
			);
			name = Products;
			sourceTree = "<group>";
		};
		D986BD83270155D600CDA675 /* iOS-Sample-App */ = {
			isa = PBXGroup;
			children = (
				D986BDC127015A3F00CDA675 /* Model */,
				D986BDB42701564B00CDA675 /* Manager */,
				D986BDB52701565A00CDA675 /* ViewController */,
				D986BD84270155D600CDA675 /* AppDelegate.swift */,
				D986BD8A270155D600CDA675 /* Main.storyboard */,
				D986BD8D270155E500CDA675 /* Assets.xcassets */,
				D986BD8F270155E500CDA675 /* LaunchScreen.storyboard */,
				D986BD92270155E500CDA675 /* Info.plist */,
			);
			path = "iOS-Sample-App";
			sourceTree = "<group>";
		};
		D986BD9A270155E500CDA675 /* iOS-Sample-AppTests */ = {
			isa = PBXGroup;
			children = (
				D986BD9B270155E500CDA675 /* iOS_Sample_AppTests.swift */,
				D986BD9D270155E500CDA675 /* Info.plist */,
			);
			path = "iOS-Sample-AppTests";
			sourceTree = "<group>";
		};
		D986BDA5270155E500CDA675 /* iOS-Sample-AppUITests */ = {
			isa = PBXGroup;
			children = (
				D986BDA6270155E500CDA675 /* iOS_Sample_AppUITests.swift */,
				D986BDA8270155E500CDA675 /* Info.plist */,
			);
			path = "iOS-Sample-AppUITests";
			sourceTree = "<group>";
		};
		D986BDB42701564B00CDA675 /* Manager */ = {
			isa = PBXGroup;
			children = (
				D986BDBE270157E700CDA675 /* Ultilze */,
				D986BDBD270157AE00CDA675 /* GlobalView */,
				D986BDBB2701579C00CDA675 /* Session */,
				D986BDBA2701578600CDA675 /* Extension */,
				D986BDB92701577600CDA675 /* API */,
			);
			path = Manager;
			sourceTree = "<group>";
		};
		D986BDB52701565A00CDA675 /* ViewController */ = {
			isa = PBXGroup;
			children = (
				D986BDB62701574E00CDA675 /* Home */,
			);
			path = ViewController;
			sourceTree = "<group>";
		};
		D986BDB62701574E00CDA675 /* Home */ = {
			isa = PBXGroup;
			children = (
				D986BDB72701576200CDA675 /* HomeViewController.swift */,
			);
			path = Home;
			sourceTree = "<group>";
		};
		D986BDB92701577600CDA675 /* API */ = {
			isa = PBXGroup;
			children = (
				D986BDC0270159F900CDA675 /* ApiKey */,
				D986BDBF270159E500CDA675 /* ApiManager */,
			);
			path = API;
			sourceTree = "<group>";
		};
		D986BDBA2701578600CDA675 /* Extension */ = {
			isa = PBXGroup;
			children = (
			);
			path = Extension;
			sourceTree = "<group>";
		};
		D986BDBB2701579C00CDA675 /* Session */ = {
			isa = PBXGroup;
			children = (
			);
			path = Session;
			sourceTree = "<group>";
		};
		D986BDBD270157AE00CDA675 /* GlobalView */ = {
			isa = PBXGroup;
			children = (
			);
			path = GlobalView;
			sourceTree = "<group>";
		};
		D986BDBE270157E700CDA675 /* Ultilze */ = {
			isa = PBXGroup;
			children = (
			);
			path = Ultilze;
			sourceTree = "<group>";
		};
		D986BDBF270159E500CDA675 /* ApiManager */ = {
			isa = PBXGroup;
			children = (
			);
			path = ApiManager;
			sourceTree = "<group>";
		};
		D986BDC0270159F900CDA675 /* ApiKey */ = {
			isa = PBXGroup;
			children = (
				D986BDC7270165D400CDA675 /* ApiKey.swift */,
			);
			path = ApiKey;
			sourceTree = "<group>";
		};
		D986BDC127015A3F00CDA675 /* Model */ = {
			isa = PBXGroup;
			children = (
				D986BDC92701687800CDA675 /* Product */,
				D986BDC227015A4C00CDA675 /* Home */,
			);
			path = Model;
			sourceTree = "<group>";
		};
		D986BDC227015A4C00CDA675 /* Home */ = {
			isa = PBXGroup;
			children = (
				D986BDC327015A6300CDA675 /* HomeViewModel.swift */,
				D986BDC527015A7800CDA675 /* HomeModel.swift */,
			);
			path = Home;
			sourceTree = "<group>";
		};
		D986BDC92701687800CDA675 /* Product */ = {
			isa = PBXGroup;
			children = (
			);
			path = Product;
			sourceTree = "<group>";
		};
/* End PBXGroup section */

/* Begin PBXNativeTarget section */
		D986BD80270155D600CDA675 /* iOS-Sample-App */ = {
			isa = PBXNativeTarget;
			buildConfigurationList = D986BDAB270155E500CDA675 /* Build configuration list for PBXNativeTarget "iOS-Sample-App" */;
			buildPhases = (
				D986BD7D270155D600CDA675 /* Sources */,
				D986BD7E270155D600CDA675 /* Frameworks */,
				D986BD7F270155D600CDA675 /* Resources */,
			);
			buildRules = (
			);
			dependencies = (
			);
			name = "iOS-Sample-App";
			productName = "iOS-Sample-App";
			productReference = D986BD81270155D600CDA675 /* iOS-Sample-App.app */;
			productType = "com.apple.product-type.application";
		};
		D986BD96270155E500CDA675 /* iOS-Sample-AppTests */ = {
			isa = PBXNativeTarget;
			buildConfigurationList = D986BDAE270155E500CDA675 /* Build configuration list for PBXNativeTarget "iOS-Sample-AppTests" */;
			buildPhases = (
				D986BD93270155E500CDA675 /* Sources */,
				D986BD94270155E500CDA675 /* Frameworks */,
				D986BD95270155E500CDA675 /* Resources */,
			);
			buildRules = (
			);
			dependencies = (
				D986BD99270155E500CDA675 /* PBXTargetDependency */,
			);
			name = "iOS-Sample-AppTests";
			productName = "iOS-Sample-AppTests";
			productReference = D986BD97270155E500CDA675 /* iOS-Sample-AppTests.xctest */;
			productType = "com.apple.product-type.bundle.unit-test";
		};
		D986BDA1270155E500CDA675 /* iOS-Sample-AppUITests */ = {
			isa = PBXNativeTarget;
			buildConfigurationList = D986BDB1270155E500CDA675 /* Build configuration list for PBXNativeTarget "iOS-Sample-AppUITests" */;
			buildPhases = (
				D986BD9E270155E500CDA675 /* Sources */,
				D986BD9F270155E500CDA675 /* Frameworks */,
				D986BDA0270155E500CDA675 /* Resources */,
			);
			buildRules = (
			);
			dependencies = (
				D986BDA4270155E500CDA675 /* PBXTargetDependency */,
			);
			name = "iOS-Sample-AppUITests";
			productName = "iOS-Sample-AppUITests";
			productReference = D986BDA2270155E500CDA675 /* iOS-Sample-AppUITests.xctest */;
			productType = "com.apple.product-type.bundle.ui-testing";
		};
/* End PBXNativeTarget section */

/* Begin PBXProject section */
		D986BD79270155D600CDA675 /* Project object */ = {
			isa = PBXProject;
			attributes = {
				LastSwiftUpdateCheck = 1250;
				LastUpgradeCheck = 1250;
				TargetAttributes = {
					D986BD80270155D600CDA675 = {
						CreatedOnToolsVersion = 12.5.1;
					};
					D986BD96270155E500CDA675 = {
						CreatedOnToolsVersion = 12.5.1;
						TestTargetID = D986BD80270155D600CDA675;
					};
					D986BDA1270155E500CDA675 = {
						CreatedOnToolsVersion = 12.5.1;
						TestTargetID = D986BD80270155D600CDA675;
					};
				};
			};
			buildConfigurationList = D986BD7C270155D600CDA675 /* Build configuration list for PBXProject "iOS-Sample-App" */;
			compatibilityVersion = "Xcode 9.3";
			developmentRegion = en;
			hasScannedForEncodings = 0;
			knownRegions = (
				en,
				Base,
			);
			mainGroup = D986BD78270155D600CDA675;
			productRefGroup = D986BD82270155D600CDA675 /* Products */;
			projectDirPath = "";
			projectRoot = "";
			targets = (
				D986BD80270155D600CDA675 /* iOS-Sample-App */,
				D986BD96270155E500CDA675 /* iOS-Sample-AppTests */,
				D986BDA1270155E500CDA675 /* iOS-Sample-AppUITests */,
			);
		};
/* End PBXProject section */

/* Begin PBXResourcesBuildPhase section */
		D986BD7F270155D600CDA675 /* Resources */ = {
			isa = PBXResourcesBuildPhase;
			buildActionMask = 2147483647;
			files = (
				D986BD91270155E500CDA675 /* LaunchScreen.storyboard in Resources */,
				D986BD8E270155E500CDA675 /* Assets.xcassets in Resources */,
				D986BD8C270155D600CDA675 /* Main.storyboard in Resources */,
			);
			runOnlyForDeploymentPostprocessing = 0;
		};
		D986BD95270155E500CDA675 /* Resources */ = {
			isa = PBXResourcesBuildPhase;
			buildActionMask = 2147483647;
			files = (
			);
			runOnlyForDeploymentPostprocessing = 0;
		};
		D986BDA0270155E500CDA675 /* Resources */ = {
			isa = PBXResourcesBuildPhase;
			buildActionMask = 2147483647;
			files = (
			);
			runOnlyForDeploymentPostprocessing = 0;
		};
/* End PBXResourcesBuildPhase section */

/* Begin PBXSourcesBuildPhase section */
		D986BD7D270155D600CDA675 /* Sources */ = {
			isa = PBXSourcesBuildPhase;
			buildActionMask = 2147483647;
			files = (
				D986BDC8270165D400CDA675 /* ApiKey.swift in Sources */,
				D986BDC627015A7800CDA675 /* HomeModel.swift in Sources */,
				D986BD85270155D600CDA675 /* AppDelegate.swift in Sources */,
				D986BDC427015A6300CDA675 /* HomeViewModel.swift in Sources */,
				D986BDB82701576200CDA675 /* HomeViewController.swift in Sources */,
			);
			runOnlyForDeploymentPostprocessing = 0;
		};
		D986BD93270155E500CDA675 /* Sources */ = {
			isa = PBXSourcesBuildPhase;
			buildActionMask = 2147483647;
			files = (
				D986BD9C270155E500CDA675 /* iOS_Sample_AppTests.swift in Sources */,
			);
			runOnlyForDeploymentPostprocessing = 0;
		};
		D986BD9E270155E500CDA675 /* Sources */ = {
			isa = PBXSourcesBuildPhase;
			buildActionMask = 2147483647;
			files = (
				D986BDA7270155E500CDA675 /* iOS_Sample_AppUITests.swift in Sources */,
			);
			runOnlyForDeploymentPostprocessing = 0;
		};
/* End PBXSourcesBuildPhase section */

/* Begin PBXTargetDependency section */
		D986BD99270155E500CDA675 /* PBXTargetDependency */ = {
			isa = PBXTargetDependency;
			target = D986BD80270155D600CDA675 /* iOS-Sample-App */;
			targetProxy = D986BD98270155E500CDA675 /* PBXContainerItemProxy */;
		};
		D986BDA4270155E500CDA675 /* PBXTargetDependency */ = {
			isa = PBXTargetDependency;
			target = D986BD80270155D600CDA675 /* iOS-Sample-App */;
			targetProxy = D986BDA3270155E500CDA675 /* PBXContainerItemProxy */;
		};
/* End PBXTargetDependency section */

/* Begin PBXVariantGroup section */
		D986BD8A270155D600CDA675 /* Main.storyboard */ = {
			isa = PBXVariantGroup;
			children = (
				D986BD8B270155D600CDA675 /* Base */,
			);
			name = Main.storyboard;
			sourceTree = "<group>";
		};
		D986BD8F270155E500CDA675 /* LaunchScreen.storyboard */ = {
			isa = PBXVariantGroup;
			children = (
				D986BD90270155E500CDA675 /* Base */,
			);
			name = LaunchScreen.storyboard;
			sourceTree = "<group>";
		};
/* End PBXVariantGroup section */

/* Begin XCBuildConfiguration section */
		D986BDA9270155E500CDA675 /* Debug */ = {
			isa = XCBuildConfiguration;
			buildSettings = {
				ALWAYS_SEARCH_USER_PATHS = NO;
				CLANG_ANALYZER_NONNULL = YES;
				CLANG_ANALYZER_NUMBER_OBJECT_CONVERSION = YES_AGGRESSIVE;
				CLANG_CXX_LANGUAGE_STANDARD = "gnu++14";
				CLANG_CXX_LIBRARY = "libc++";
				CLANG_ENABLE_MODULES = YES;
				CLANG_ENABLE_OBJC_ARC = YES;
				CLANG_ENABLE_OBJC_WEAK = YES;
				CLANG_WARN_BLOCK_CAPTURE_AUTORELEASING = YES;
				CLANG_WARN_BOOL_CONVERSION = YES;
				CLANG_WARN_COMMA = YES;
				CLANG_WARN_CONSTANT_CONVERSION = YES;
				CLANG_WARN_DEPRECATED_OBJC_IMPLEMENTATIONS = YES;
				CLANG_WARN_DIRECT_OBJC_ISA_USAGE = YES_ERROR;
				CLANG_WARN_DOCUMENTATION_COMMENTS = YES;
				CLANG_WARN_EMPTY_BODY = YES;
				CLANG_WARN_ENUM_CONVERSION = YES;
				CLANG_WARN_INFINITE_RECURSION = YES;
				CLANG_WARN_INT_CONVERSION = YES;
				CLANG_WARN_NON_LITERAL_NULL_CONVERSION = YES;
				CLANG_WARN_OBJC_IMPLICIT_RETAIN_SELF = YES;
				CLANG_WARN_OBJC_LITERAL_CONVERSION = YES;
				CLANG_WARN_OBJC_ROOT_CLASS = YES_ERROR;
				CLANG_WARN_QUOTED_INCLUDE_IN_FRAMEWORK_HEADER = YES;
				CLANG_WARN_RANGE_LOOP_ANALYSIS = YES;
				CLANG_WARN_STRICT_PROTOTYPES = YES;
				CLANG_WARN_SUSPICIOUS_MOVE = YES;
				CLANG_WARN_UNGUARDED_AVAILABILITY = YES_AGGRESSIVE;
				CLANG_WARN_UNREACHABLE_CODE = YES;
				CLANG_WARN__DUPLICATE_METHOD_MATCH = YES;
				COPY_PHASE_STRIP = NO;
				DEBUG_INFORMATION_FORMAT = dwarf;
				ENABLE_STRICT_OBJC_MSGSEND = YES;
				ENABLE_TESTABILITY = YES;
				GCC_C_LANGUAGE_STANDARD = gnu11;
				GCC_DYNAMIC_NO_PIC = NO;
				GCC_NO_COMMON_BLOCKS = YES;
				GCC_OPTIMIZATION_LEVEL = 0;
				GCC_PREPROCESSOR_DEFINITIONS = (
					"DEBUG=1",
					"$(inherited)",
				);
				GCC_WARN_64_TO_32_BIT_CONVERSION = YES;
				GCC_WARN_ABOUT_RETURN_TYPE = YES_ERROR;
				GCC_WARN_UNDECLARED_SELECTOR = YES;
				GCC_WARN_UNINITIALIZED_AUTOS = YES_AGGRESSIVE;
				GCC_WARN_UNUSED_FUNCTION = YES;
				GCC_WARN_UNUSED_VARIABLE = YES;
				IPHONEOS_DEPLOYMENT_TARGET = 14.5;
				MTL_ENABLE_DEBUG_INFO = INCLUDE_SOURCE;
				MTL_FAST_MATH = YES;
				ONLY_ACTIVE_ARCH = YES;
				SDKROOT = iphoneos;
				SWIFT_ACTIVE_COMPILATION_CONDITIONS = DEBUG;
				SWIFT_OPTIMIZATION_LEVEL = "-Onone";
			};
			name = Debug;
		};
		D986BDAA270155E500CDA675 /* Release */ = {
			isa = XCBuildConfiguration;
			buildSettings = {
				ALWAYS_SEARCH_USER_PATHS = NO;
				CLANG_ANALYZER_NONNULL = YES;
				CLANG_ANALYZER_NUMBER_OBJECT_CONVERSION = YES_AGGRESSIVE;
				CLANG_CXX_LANGUAGE_STANDARD = "gnu++14";
				CLANG_CXX_LIBRARY = "libc++";
				CLANG_ENABLE_MODULES = YES;
				CLANG_ENABLE_OBJC_ARC = YES;
				CLANG_ENABLE_OBJC_WEAK = YES;
				CLANG_WARN_BLOCK_CAPTURE_AUTORELEASING = YES;
				CLANG_WARN_BOOL_CONVERSION = YES;
				CLANG_WARN_COMMA = YES;
				CLANG_WARN_CONSTANT_CONVERSION = YES;
				CLANG_WARN_DEPRECATED_OBJC_IMPLEMENTATIONS = YES;
				CLANG_WARN_DIRECT_OBJC_ISA_USAGE = YES_ERROR;
				CLANG_WARN_DOCUMENTATION_COMMENTS = YES;
				CLANG_WARN_EMPTY_BODY = YES;
				CLANG_WARN_ENUM_CONVERSION = YES;
				CLANG_WARN_INFINITE_RECURSION = YES;
				CLANG_WARN_INT_CONVERSION = YES;
				CLANG_WARN_NON_LITERAL_NULL_CONVERSION = YES;
				CLANG_WARN_OBJC_IMPLICIT_RETAIN_SELF = YES;
				CLANG_WARN_OBJC_LITERAL_CONVERSION = YES;
				CLANG_WARN_OBJC_ROOT_CLASS = YES_ERROR;
				CLANG_WARN_QUOTED_INCLUDE_IN_FRAMEWORK_HEADER = YES;
				CLANG_WARN_RANGE_LOOP_ANALYSIS = YES;
				CLANG_WARN_STRICT_PROTOTYPES = YES;
				CLANG_WARN_SUSPICIOUS_MOVE = YES;
				CLANG_WARN_UNGUARDED_AVAILABILITY = YES_AGGRESSIVE;
				CLANG_WARN_UNREACHABLE_CODE = YES;
				CLANG_WARN__DUPLICATE_METHOD_MATCH = YES;
				COPY_PHASE_STRIP = NO;
				DEBUG_INFORMATION_FORMAT = "dwarf-with-dsym";
				ENABLE_NS_ASSERTIONS = NO;
				ENABLE_STRICT_OBJC_MSGSEND = YES;
				GCC_C_LANGUAGE_STANDARD = gnu11;
				GCC_NO_COMMON_BLOCKS = YES;
				GCC_WARN_64_TO_32_BIT_CONVERSION = YES;
				GCC_WARN_ABOUT_RETURN_TYPE = YES_ERROR;
				GCC_WARN_UNDECLARED_SELECTOR = YES;
				GCC_WARN_UNINITIALIZED_AUTOS = YES_AGGRESSIVE;
				GCC_WARN_UNUSED_FUNCTION = YES;
				GCC_WARN_UNUSED_VARIABLE = YES;
				IPHONEOS_DEPLOYMENT_TARGET = 14.5;
				MTL_ENABLE_DEBUG_INFO = NO;
				MTL_FAST_MATH = YES;
				SDKROOT = iphoneos;
				SWIFT_COMPILATION_MODE = wholemodule;
				SWIFT_OPTIMIZATION_LEVEL = "-O";
				VALIDATE_PRODUCT = YES;
			};
			name = Release;
		};
		D986BDAC270155E500CDA675 /* Debug */ = {
			isa = XCBuildConfiguration;
			buildSettings = {
				ASSETCATALOG_COMPILER_APPICON_NAME = AppIcon;
				ASSETCATALOG_COMPILER_GLOBAL_ACCENT_COLOR_NAME = AccentColor;
				CODE_SIGN_STYLE = Automatic;
				DEVELOPMENT_TEAM = LD976HBP4K;
				INFOPLIST_FILE = "iOS-Sample-App/Info.plist";
				LD_RUNPATH_SEARCH_PATHS = (
					"$(inherited)",
					"@executable_path/Frameworks",
				);
				MARKETING_VERSION = 1.0.0;
				PRODUCT_BUNDLE_IDENTIFIER = "kh.com.iOS-Sample-App";
				PRODUCT_NAME = "$(TARGET_NAME)";
				SWIFT_VERSION = 5.0;
				TARGETED_DEVICE_FAMILY = 1;
			};
			name = Debug;
		};
		D986BDAD270155E500CDA675 /* Release */ = {
			isa = XCBuildConfiguration;
			buildSettings = {
				ASSETCATALOG_COMPILER_APPICON_NAME = AppIcon;
				ASSETCATALOG_COMPILER_GLOBAL_ACCENT_COLOR_NAME = AccentColor;
				CODE_SIGN_STYLE = Automatic;
				DEVELOPMENT_TEAM = LD976HBP4K;
				INFOPLIST_FILE = "iOS-Sample-App/Info.plist";
				LD_RUNPATH_SEARCH_PATHS = (
					"$(inherited)",
					"@executable_path/Frameworks",
				);
				MARKETING_VERSION = 1.0.0;
				PRODUCT_BUNDLE_IDENTIFIER = "kh.com.iOS-Sample-App";
				PRODUCT_NAME = "$(TARGET_NAME)";
				SWIFT_VERSION = 5.0;
				TARGETED_DEVICE_FAMILY = 1;
			};
			name = Release;
		};
		D986BDAF270155E500CDA675 /* Debug */ = {
			isa = XCBuildConfiguration;
			buildSettings = {
				ALWAYS_EMBED_SWIFT_STANDARD_LIBRARIES = YES;
				BUNDLE_LOADER = "$(TEST_HOST)";
				CODE_SIGN_STYLE = Automatic;
				DEVELOPMENT_TEAM = LD976HBP4K;
				INFOPLIST_FILE = "iOS-Sample-AppTests/Info.plist";
				IPHONEOS_DEPLOYMENT_TARGET = 14.5;
				LD_RUNPATH_SEARCH_PATHS = (
					"$(inherited)",
					"@executable_path/Frameworks",
					"@loader_path/Frameworks",
				);
				PRODUCT_BUNDLE_IDENTIFIER = "rith.com.iOS-Sample-AppTests";
				PRODUCT_NAME = "$(TARGET_NAME)";
				SWIFT_VERSION = 5.0;
				TARGETED_DEVICE_FAMILY = "1,2";
				TEST_HOST = "$(BUILT_PRODUCTS_DIR)/iOS-Sample-App.app/iOS-Sample-App";
			};
			name = Debug;
		};
		D986BDB0270155E500CDA675 /* Release */ = {
			isa = XCBuildConfiguration;
			buildSettings = {
				ALWAYS_EMBED_SWIFT_STANDARD_LIBRARIES = YES;
				BUNDLE_LOADER = "$(TEST_HOST)";
				CODE_SIGN_STYLE = Automatic;
				DEVELOPMENT_TEAM = LD976HBP4K;
				INFOPLIST_FILE = "iOS-Sample-AppTests/Info.plist";
				IPHONEOS_DEPLOYMENT_TARGET = 14.5;
				LD_RUNPATH_SEARCH_PATHS = (
					"$(inherited)",
					"@executable_path/Frameworks",
					"@loader_path/Frameworks",
				);
				PRODUCT_BUNDLE_IDENTIFIER = "rith.com.iOS-Sample-AppTests";
				PRODUCT_NAME = "$(TARGET_NAME)";
				SWIFT_VERSION = 5.0;
				TARGETED_DEVICE_FAMILY = "1,2";
				TEST_HOST = "$(BUILT_PRODUCTS_DIR)/iOS-Sample-App.app/iOS-Sample-App";
			};
			name = Release;
		};
		D986BDB2270155E500CDA675 /* Debug */ = {
			isa = XCBuildConfiguration;
			buildSettings = {
				ALWAYS_EMBED_SWIFT_STANDARD_LIBRARIES = YES;
				CODE_SIGN_STYLE = Automatic;
				DEVELOPMENT_TEAM = LD976HBP4K;
				INFOPLIST_FILE = "iOS-Sample-AppUITests/Info.plist";
				LD_RUNPATH_SEARCH_PATHS = (
					"$(inherited)",
					"@executable_path/Frameworks",
					"@loader_path/Frameworks",
				);
				PRODUCT_BUNDLE_IDENTIFIER = "rith.com.iOS-Sample-AppUITests";
				PRODUCT_NAME = "$(TARGET_NAME)";
				SWIFT_VERSION = 5.0;
				TARGETED_DEVICE_FAMILY = "1,2";
				TEST_TARGET_NAME = "iOS-Sample-App";
			};
			name = Debug;
		};
		D986BDB3270155E500CDA675 /* Release */ = {
			isa = XCBuildConfiguration;
			buildSettings = {
				ALWAYS_EMBED_SWIFT_STANDARD_LIBRARIES = YES;
				CODE_SIGN_STYLE = Automatic;
				DEVELOPMENT_TEAM = LD976HBP4K;
				INFOPLIST_FILE = "iOS-Sample-AppUITests/Info.plist";
				LD_RUNPATH_SEARCH_PATHS = (
					"$(inherited)",
					"@executable_path/Frameworks",
					"@loader_path/Frameworks",
				);
				PRODUCT_BUNDLE_IDENTIFIER = "rith.com.iOS-Sample-AppUITests";
				PRODUCT_NAME = "$(TARGET_NAME)";
				SWIFT_VERSION = 5.0;
				TARGETED_DEVICE_FAMILY = "1,2";
				TEST_TARGET_NAME = "iOS-Sample-App";
			};
			name = Release;
		};
/* End XCBuildConfiguration section */

/* Begin XCConfigurationList section */
		D986BD7C270155D600CDA675 /* Build configuration list for PBXProject "iOS-Sample-App" */ = {
			isa = XCConfigurationList;
			buildConfigurations = (
				D986BDA9270155E500CDA675 /* Debug */,
				D986BDAA270155E500CDA675 /* Release */,
			);
			defaultConfigurationIsVisible = 0;
			defaultConfigurationName = Release;
		};
		D986BDAB270155E500CDA675 /* Build configuration list for PBXNativeTarget "iOS-Sample-App" */ = {
			isa = XCConfigurationList;
			buildConfigurations = (
				D986BDAC270155E500CDA675 /* Debug */,
				D986BDAD270155E500CDA675 /* Release */,
			);
			defaultConfigurationIsVisible = 0;
			defaultConfigurationName = Release;
		};
		D986BDAE270155E500CDA675 /* Build configuration list for PBXNativeTarget "iOS-Sample-AppTests" */ = {
			isa = XCConfigurationList;
			buildConfigurations = (
				D986BDAF270155E500CDA675 /* Debug */,
				D986BDB0270155E500CDA675 /* Release */,
			);
			defaultConfigurationIsVisible = 0;
			defaultConfigurationName = Release;
		};
		D986BDB1270155E500CDA675 /* Build configuration list for PBXNativeTarget "iOS-Sample-AppUITests" */ = {
			isa = XCConfigurationList;
			buildConfigurations = (
				D986BDB2270155E500CDA675 /* Debug */,
				D986BDB3270155E500CDA675 /* Release */,
			);
			defaultConfigurationIsVisible = 0;
			defaultConfigurationName = Release;
		};
/* End XCConfigurationList section */
	};
	rootObject = D986BD79270155D600CDA675 /* Project object */;
}
